// !$*UTF8*$!
{
	archiveVersion = 1;
	classes = {
	};
	objectVersion = 56;
	objects = {

/* Begin PBXBuildFile section */
		AC44172229E68CAD0003852D /* AppDelegate.swift in Sources */ = {isa = PBXBuildFile; fileRef = AC44172129E68CAD0003852D /* AppDelegate.swift */; };
		AC44172429E68CAD0003852D /* SceneDelegate.swift in Sources */ = {isa = PBXBuildFile; fileRef = AC44172329E68CAD0003852D /* SceneDelegate.swift */; };
		AC44172629E68CAD0003852D /* ViewController.swift in Sources */ = {isa = PBXBuildFile; fileRef = AC44172529E68CAD0003852D /* ViewController.swift */; };
		AC44172929E68CAD0003852D /* Main.storyboard in Resources */ = {isa = PBXBuildFile; fileRef = AC44172729E68CAD0003852D /* Main.storyboard */; };
		AC44172B29E68CAE0003852D /* Assets.xcassets in Resources */ = {isa = PBXBuildFile; fileRef = AC44172A29E68CAE0003852D /* Assets.xcassets */; };
		AC44172E29E68CAE0003852D /* LaunchScreen.storyboard in Resources */ = {isa = PBXBuildFile; fileRef = AC44172C29E68CAE0003852D /* LaunchScreen.storyboard */; };
		AC44173A29E6A87D0003852D /* BlurView in Frameworks */ = {isa = PBXBuildFile; productRef = AC44173929E6A87D0003852D /* BlurView */; };
/* End PBXBuildFile section */

/* Begin PBXFileReference section */
		AC44171E29E68CAD0003852D /* BlurViewDemoDemo.app */ = {isa = PBXFileReference; explicitFileType = wrapper.application; includeInIndex = 0; path = BlurViewDemoDemo.app; sourceTree = BUILT_PRODUCTS_DIR; };
		AC44172129E68CAD0003852D /* AppDelegate.swift */ = {isa = PBXFileReference; lastKnownFileType = sourcecode.swift; path = AppDelegate.swift; sourceTree = "<group>"; };
		AC44172329E68CAD0003852D /* SceneDelegate.swift */ = {isa = PBXFileReference; lastKnownFileType = sourcecode.swift; path = SceneDelegate.swift; sourceTree = "<group>"; };
		AC44172529E68CAD0003852D /* ViewController.swift */ = {isa = PBXFileReference; lastKnownFileType = sourcecode.swift; path = ViewController.swift; sourceTree = "<group>"; };
		AC44172829E68CAD0003852D /* Base */ = {isa = PBXFileReference; lastKnownFileType = file.storyboard; name = Base; path = Base.lproj/Main.storyboard; sourceTree = "<group>"; };
		AC44172A29E68CAE0003852D /* Assets.xcassets */ = {isa = PBXFileReference; lastKnownFileType = folder.assetcatalog; path = Assets.xcassets; sourceTree = "<group>"; };
		AC44172D29E68CAE0003852D /* Base */ = {isa = PBXFileReference; lastKnownFileType = file.storyboard; name = Base; path = Base.lproj/LaunchScreen.storyboard; sourceTree = "<group>"; };
		AC44172F29E68CAE0003852D /* Info.plist */ = {isa = PBXFileReference; lastKnownFileType = text.plist.xml; path = Info.plist; sourceTree = "<group>"; };
		AC44174C29E6B31D0003852D /* BlurView */ = {isa = PBXFileReference; lastKnownFileType = wrapper; name = BlurView; path = ..; sourceTree = "<group>"; };
/* End PBXFileReference section */

/* Begin PBXFrameworksBuildPhase section */
		AC44171B29E68CAD0003852D /* Frameworks */ = {
			isa = PBXFrameworksBuildPhase;
			buildActionMask = 2147483647;
			files = (
				AC44173A29E6A87D0003852D /* BlurView in Frameworks */,
			);
			runOnlyForDeploymentPostprocessing = 0;
		};
/* End PBXFrameworksBuildPhase section */

/* Begin PBXGroup section */
		AC44171529E68CAD0003852D = {
			isa = PBXGroup;
			children = (
				AC44174B29E6B31D0003852D /* Packages */,
				AC44172029E68CAD0003852D /* BlurViewDemo */,
				AC44171F29E68CAD0003852D /* Products */,
				AC44173829E6A87D0003852D /* Frameworks */,
			);
			sourceTree = "<group>";
		};
		AC44171F29E68CAD0003852D /* Products */ = {
			isa = PBXGroup;
			children = (
				AC44171E29E68CAD0003852D /* BlurViewDemoDemo.app */,
			);
			name = Products;
			sourceTree = "<group>";
		};
		AC44172029E68CAD0003852D /* BlurViewDemo */ = {
			isa = PBXGroup;
			children = (
				AC44172F29E68CAE0003852D /* Info.plist */,
				AC44172129E68CAD0003852D /* AppDelegate.swift */,
				AC44172329E68CAD0003852D /* SceneDelegate.swift */,
				AC44172529E68CAD0003852D /* ViewController.swift */,
				AC44172A29E68CAE0003852D /* Assets.xcassets */,
				AC44172C29E68CAE0003852D /* LaunchScreen.storyboard */,
				AC44172729E68CAD0003852D /* Main.storyboard */,
			);
			path = BlurViewDemo;
			sourceTree = "<group>";
		};
		AC44173829E6A87D0003852D /* Frameworks */ = {
			isa = PBXGroup;
			children = (
			);
			name = Frameworks;
			sourceTree = "<group>";
		};
		AC44174B29E6B31D0003852D /* Packages */ = {
			isa = PBXGroup;
			children = (
				AC44174C29E6B31D0003852D /* BlurView */,
			);
			name = Packages;
			sourceTree = "<group>";
		};
/* End PBXGroup section */

/* Begin PBXNativeTarget section */
		AC44171D29E68CAD0003852D /* BlurViewDemoDemo */ = {
			isa = PBXNativeTarget;
			buildConfigurationList = AC44173229E68CAE0003852D /* Build configuration list for PBXNativeTarget "BlurViewDemoDemo" */;
			buildPhases = (
				AC44171A29E68CAD0003852D /* Sources */,
				AC44171B29E68CAD0003852D /* Frameworks */,
				AC44171C29E68CAD0003852D /* Resources */,
			);
			buildRules = (
			);
			dependencies = (
			);
			name = BlurViewDemoDemo;
			packageProductDependencies = (
				AC44173929E6A87D0003852D /* BlurView */,
			);
			productName = BlurView;
			productReference = AC44171E29E68CAD0003852D /* BlurViewDemoDemo.app */;
			productType = "com.apple.product-type.application";
		};
/* End PBXNativeTarget section */

/* Begin PBXProject section */
		AC44171629E68CAD0003852D /* Project object */ = {
			isa = PBXProject;
			attributes = {
				BuildIndependentTargetsInParallel = 1;
				LastSwiftUpdateCheck = 1430;
				LastUpgradeCheck = 1430;
				TargetAttributes = {
					AC44171D29E68CAD0003852D = {
						CreatedOnToolsVersion = 14.3;
					};
				};
			};
			buildConfigurationList = AC44171929E68CAD0003852D /* Build configuration list for PBXProject "BlurViewDemo" */;
			compatibilityVersion = "Xcode 14.0";
			developmentRegion = en;
			hasScannedForEncodings = 0;
			knownRegions = (
				en,
				Base,
			);
			mainGroup = AC44171529E68CAD0003852D;
			productRefGroup = AC44171F29E68CAD0003852D /* Products */;
			projectDirPath = "";
			projectRoot = "";
			targets = (
				AC44171D29E68CAD0003852D /* BlurViewDemoDemo */,
			);
		};
/* End PBXProject section */

/* Begin PBXResourcesBuildPhase section */
		AC44171C29E68CAD0003852D /* Resources */ = {
			isa = PBXResourcesBuildPhase;
			buildActionMask = 2147483647;
			files = (
				AC44172E29E68CAE0003852D /* LaunchScreen.storyboard in Resources */,
				AC44172B29E68CAE0003852D /* Assets.xcassets in Resources */,
				AC44172929E68CAD0003852D /* Main.storyboard in Resources */,
			);
			runOnlyForDeploymentPostprocessing = 0;
		};
/* End PBXResourcesBuildPhase section */

/* Begin PBXSourcesBuildPhase section */
		AC44171A29E68CAD0003852D /* Sources */ = {
			isa = PBXSourcesBuildPhase;
			buildActionMask = 2147483647;
			files = (
				AC44172629E68CAD0003852D /* ViewController.swift in Sources */,
				AC44172229E68CAD0003852D /* AppDelegate.swift in Sources */,
				AC44172429E68CAD0003852D /* SceneDelegate.swift in Sources */,
			);
			runOnlyForDeploymentPostprocessing = 0;
		};
/* End PBXSourcesBuildPhase section */

/* Begin PBXVariantGroup section */
		AC44172729E68CAD0003852D /* Main.storyboard */ = {
			isa = PBXVariantGroup;
			children = (
				AC44172829E68CAD0003852D /* Base */,
			);
			name = Main.storyboard;
			sourceTree = "<group>";
		};
		AC44172C29E68CAE0003852D /* LaunchScreen.storyboard */ = {
			isa = PBXVariantGroup;
			children = (
				AC44172D29E68CAE0003852D /* Base */,
			);
			name = LaunchScreen.storyboard;
			sourceTree = "<group>";
		};
/* End PBXVariantGroup section */

/* Begin XCBuildConfiguration section */
		AC44173029E68CAE0003852D /* Debug */ = {
			isa = XCBuildConfiguration;
			buildSettings = {
				ALWAYS_SEARCH_USER_PATHS = NO;
				CLANG_ANALYZER_NONNULL = YES;
				CLANG_ANALYZER_NUMBER_OBJECT_CONVERSION = YES_AGGRESSIVE;
				CLANG_CXX_LANGUAGE_STANDARD = "gnu++20";
				CLANG_ENABLE_MODULES = YES;
				CLANG_ENABLE_OBJC_ARC = YES;
				CLANG_ENABLE_OBJC_WEAK = YES;
				CLANG_WARN_BLOCK_CAPTURE_AUTORELEASING = YES;
				CLANG_WARN_BOOL_CONVERSION = YES;
				CLANG_WARN_COMMA = YES;
				CLANG_WARN_CONSTANT_CONVERSION = YES;
				CLANG_WARN_DEPRECATED_OBJC_IMPLEMENTATIONS = YES;
				CLANG_WARN_DIRECT_OBJC_ISA_USAGE = YES_ERROR;
				CLANG_WARN_DOCUMENTATION_COMMENTS = YES;
				CLANG_WARN_EMPTY_BODY = YES;
				CLANG_WARN_ENUM_CONVERSION = YES;
				CLANG_WARN_INFINITE_RECURSION = YES;
				CLANG_WARN_INT_CONVERSION = YES;
				CLANG_WARN_NON_LITERAL_NULL_CONVERSION = YES;
				CLANG_WARN_OBJC_IMPLICIT_RETAIN_SELF = YES;
				CLANG_WARN_OBJC_LITERAL_CONVERSION = YES;
				CLANG_WARN_OBJC_ROOT_CLASS = YES_ERROR;
				CLANG_WARN_QUOTED_INCLUDE_IN_FRAMEWORK_HEADER = YES;
				CLANG_WARN_RANGE_LOOP_ANALYSIS = YES;
				CLANG_WARN_STRICT_PROTOTYPES = YES;
				CLANG_WARN_SUSPICIOUS_MOVE = YES;
				CLANG_WARN_UNGUARDED_AVAILABILITY = YES_AGGRESSIVE;
				CLANG_WARN_UNREACHABLE_CODE = YES;
				CLANG_WARN__DUPLICATE_METHOD_MATCH = YES;
				COPY_PHASE_STRIP = NO;
				DEBUG_INFORMATION_FORMAT = dwarf;
				ENABLE_STRICT_OBJC_MSGSEND = YES;
				ENABLE_TESTABILITY = YES;
				GCC_C_LANGUAGE_STANDARD = gnu11;
				GCC_DYNAMIC_NO_PIC = NO;
				GCC_NO_COMMON_BLOCKS = YES;
				GCC_OPTIMIZATION_LEVEL = 0;
				GCC_PREPROCESSOR_DEFINITIONS = (
					"DEBUG=1",
					"$(inherited)",
				);
				GCC_WARN_64_TO_32_BIT_CONVERSION = YES;
				GCC_WARN_ABOUT_RETURN_TYPE = YES_ERROR;
				GCC_WARN_UNDECLARED_SELECTOR = YES;
				GCC_WARN_UNINITIALIZED_AUTOS = YES_AGGRESSIVE;
				GCC_WARN_UNUSED_FUNCTION = YES;
				GCC_WARN_UNUSED_VARIABLE = YES;
				IPHONEOS_DEPLOYMENT_TARGET = 16.4;
				MTL_ENABLE_DEBUG_INFO = INCLUDE_SOURCE;
				MTL_FAST_MATH = YES;
				ONLY_ACTIVE_ARCH = YES;
				SDKROOT = iphoneos;
				SWIFT_ACTIVE_COMPILATION_CONDITIONS = DEBUG;
				SWIFT_OPTIMIZATION_LEVEL = "-Onone";
			};
			name = Debug;
		};
		AC44173129E68CAE0003852D /* Release */ = {
			isa = XCBuildConfiguration;
			buildSettings = {
				ALWAYS_SEARCH_USER_PATHS = NO;
				CLANG_ANALYZER_NONNULL = YES;
				CLANG_ANALYZER_NUMBER_OBJECT_CONVERSION = YES_AGGRESSIVE;
				CLANG_CXX_LANGUAGE_STANDARD = "gnu++20";
				CLANG_ENABLE_MODULES = YES;
				CLANG_ENABLE_OBJC_ARC = YES;
				CLANG_ENABLE_OBJC_WEAK = YES;
				CLANG_WARN_BLOCK_CAPTURE_AUTORELEASING = YES;
				CLANG_WARN_BOOL_CONVERSION = YES;
				CLANG_WARN_COMMA = YES;
				CLANG_WARN_CONSTANT_CONVERSION = YES;
				CLANG_WARN_DEPRECATED_OBJC_IMPLEMENTATIONS = YES;
				CLANG_WARN_DIRECT_OBJC_ISA_USAGE = YES_ERROR;
				CLANG_WARN_DOCUMENTATION_COMMENTS = YES;
				CLANG_WARN_EMPTY_BODY = YES;
				CLANG_WARN_ENUM_CONVERSION = YES;
				CLANG_WARN_INFINITE_RECURSION = YES;
				CLANG_WARN_INT_CONVERSION = YES;
				CLANG_WARN_NON_LITERAL_NULL_CONVERSION = YES;
				CLANG_WARN_OBJC_IMPLICIT_RETAIN_SELF = YES;
				CLANG_WARN_OBJC_LITERAL_CONVERSION = YES;
				CLANG_WARN_OBJC_ROOT_CLASS = YES_ERROR;
				CLANG_WARN_QUOTED_INCLUDE_IN_FRAMEWORK_HEADER = YES;
				CLANG_WARN_RANGE_LOOP_ANALYSIS = YES;
				CLANG_WARN_STRICT_PROTOTYPES = YES;
				CLANG_WARN_SUSPICIOUS_MOVE = YES;
				CLANG_WARN_UNGUARDED_AVAILABILITY = YES_AGGRESSIVE;
				CLANG_WARN_UNREACHABLE_CODE = YES;
				CLANG_WARN__DUPLICATE_METHOD_MATCH = YES;
				COPY_PHASE_STRIP = NO;
				DEBUG_INFORMATION_FORMAT = "dwarf-with-dsym";
				ENABLE_NS_ASSERTIONS = NO;
				ENABLE_STRICT_OBJC_MSGSEND = YES;
				GCC_C_LANGUAGE_STANDARD = gnu11;
				GCC_NO_COMMON_BLOCKS = YES;
				GCC_WARN_64_TO_32_BIT_CONVERSION = YES;
				GCC_WARN_ABOUT_RETURN_TYPE = YES_ERROR;
				GCC_WARN_UNDECLARED_SELECTOR = YES;
				GCC_WARN_UNINITIALIZED_AUTOS = YES_AGGRESSIVE;
				GCC_WARN_UNUSED_FUNCTION = YES;
				GCC_WARN_UNUSED_VARIABLE = YES;
				IPHONEOS_DEPLOYMENT_TARGET = 16.4;
				MTL_ENABLE_DEBUG_INFO = NO;
				MTL_FAST_MATH = YES;
				SDKROOT = iphoneos;
				SWIFT_COMPILATION_MODE = wholemodule;
				SWIFT_OPTIMIZATION_LEVEL = "-O";
				VALIDATE_PRODUCT = YES;
			};
			name = Release;
		};
		AC44173329E68CAE0003852D /* Debug */ = {
			isa = XCBuildConfiguration;
			buildSettings = {
				ASSETCATALOG_COMPILER_APPICON_NAME = AppIcon;
				ASSETCATALOG_COMPILER_GLOBAL_ACCENT_COLOR_NAME = AccentColor;
				CODE_SIGN_STYLE = Automatic;
				CURRENT_PROJECT_VERSION = 1;
				DEVELOPMENT_TEAM = X9253HG4XT;
				GENERATE_INFOPLIST_FILE = YES;
				INFOPLIST_FILE = BlurViewDemo/Info.plist;
				INFOPLIST_KEY_UIApplicationSupportsIndirectInputEvents = YES;
				INFOPLIST_KEY_UILaunchStoryboardName = LaunchScreen;
				INFOPLIST_KEY_UIMainStoryboardFile = Main;
				INFOPLIST_KEY_UISupportedInterfaceOrientations_iPad = "UIInterfaceOrientationPortrait UIInterfaceOrientationPortraitUpsideDown UIInterfaceOrientationLandscapeLeft UIInterfaceOrientationLandscapeRight";
				INFOPLIST_KEY_UISupportedInterfaceOrientations_iPhone = "UIInterfaceOrientationPortrait UIInterfaceOrientationLandscapeLeft UIInterfaceOrientationLandscapeRight";
				LD_RUNPATH_SEARCH_PATHS = (
					"$(inherited)",
					"@executable_path/Frameworks",
				);
				MARKETING_VERSION = 1.0;
				PRODUCT_BUNDLE_IDENTIFIER = com.marioiannotta.BlurView;
				PRODUCT_NAME = "$(TARGET_NAME)";
				SWIFT_EMIT_LOC_STRINGS = YES;
				SWIFT_VERSION = 5.0;
				TARGETED_DEVICE_FAMILY = "1,2";
			};
			name = Debug;
		};
		AC44173429E68CAE0003852D /* Release */ = {
			isa = XCBuildConfiguration;
			buildSettings = {
				ASSETCATALOG_COMPILER_APPICON_NAME = AppIcon;
				ASSETCATALOG_COMPILER_GLOBAL_ACCENT_COLOR_NAME = AccentColor;
				CODE_SIGN_STYLE = Automatic;
				CURRENT_PROJECT_VERSION = 1;
				DEVELOPMENT_TEAM = X9253HG4XT;
				GENERATE_INFOPLIST_FILE = YES;
				INFOPLIST_FILE = BlurViewDemo/Info.plist;
				INFOPLIST_KEY_UIApplicationSupportsIndirectInputEvents = YES;
				INFOPLIST_KEY_UILaunchStoryboardName = LaunchScreen;
				INFOPLIST_KEY_UIMainStoryboardFile = Main;
				INFOPLIST_KEY_UISupportedInterfaceOrientations_iPad = "UIInterfaceOrientationPortrait UIInterfaceOrientationPortraitUpsideDown UIInterfaceOrientationLandscapeLeft UIInterfaceOrientationLandscapeRight";
				INFOPLIST_KEY_UISupportedInterfaceOrientations_iPhone = "UIInterfaceOrientationPortrait UIInterfaceOrientationLandscapeLeft UIInterfaceOrientationLandscapeRight";
				LD_RUNPATH_SEARCH_PATHS = (
					"$(inherited)",
					"@executable_path/Frameworks",
				);
				MARKETING_VERSION = 1.0;
				PRODUCT_BUNDLE_IDENTIFIER = com.marioiannotta.BlurView;
				PRODUCT_NAME = "$(TARGET_NAME)";
				SWIFT_EMIT_LOC_STRINGS = YES;
				SWIFT_VERSION = 5.0;
				TARGETED_DEVICE_FAMILY = "1,2";
			};
			name = Release;
		};
/* End XCBuildConfiguration section */

/* Begin XCConfigurationList section */
		AC44171929E68CAD0003852D /* Build configuration list for PBXProject "BlurViewDemo" */ = {
			isa = XCConfigurationList;
			buildConfigurations = (
				AC44173029E68CAE0003852D /* Debug */,
				AC44173129E68CAE0003852D /* Release */,
			);
			defaultConfigurationIsVisible = 0;
			defaultConfigurationName = Release;
		};
		AC44173229E68CAE0003852D /* Build configuration list for PBXNativeTarget "BlurViewDemoDemo" */ = {
			isa = XCConfigurationList;
			buildConfigurations = (
				AC44173329E68CAE0003852D /* Debug */,
				AC44173429E68CAE0003852D /* Release */,
			);
			defaultConfigurationIsVisible = 0;
			defaultConfigurationName = Release;
		};
/* End XCConfigurationList section */

/* Begin XCSwiftPackageProductDependency section */
		AC44173929E6A87D0003852D /* BlurView */ = {
			isa = XCSwiftPackageProductDependency;
			productName = BlurView;
		};
/* End XCSwiftPackageProductDependency section */
	};
	rootObject = AC44171629E68CAD0003852D /* Project object */;
}
